
Microsoft Visual Studio Solution File, Format Version 12.00
# Visual Studio Version 17
VisualStudioVersion = 17.9.34728.123
MinimumVisualStudioVersion = 10.0.40219.1
Project("{FAE04EC0-301F-11D3-BF4B-00C04F79EFBC}") = "Lab2Graph", "Lab2Graph\Lab2Graph.csproj", "{FC8D1340-1FD4-4140-BFCB-8FA09813C0A7}"
EndProject
Global
	GlobalSection(SolutionConfigurationPlatforms) = preSolution
		Debug|Any CPU = Debug|Any CPU
		Release|Any CPU = Release|Any CPU
	EndGlobalSection
	GlobalSection(ProjectConfigurationPlatforms) = postSolution
		{FC8D1340-1FD4-4140-BFCB-8FA09813C0A7}.Debug|Any CPU.ActiveCfg = Debug|Any CPU
		{FC8D1340-1FD4-4140-BFCB-8FA09813C0A7}.Debug|Any CPU.Build.0 = Debug|Any CPU
		{FC8D1340-1FD4-4140-BFCB-8FA09813C0A7}.Release|Any CPU.ActiveCfg = Release|Any CPU
		{FC8D1340-1FD4-4140-BFCB-8FA09813C0A7}.Release|Any CPU.Build.0 = Release|Any CPU
	EndGlobalSection
	GlobalSection(SolutionProperties) = preSolution
		HideSolutionNode = FALSE
	EndGlobalSection
	GlobalSection(ExtensibilityGlobals) = postSolution
		SolutionGuid = {23A23321-064B-4FC4-9D36-DFC467B244DD}
	EndGlobalSection
EndGlobal
